
Microsoft Visual Studio Solution File, Format Version 12.00
# Visual Studio Version 16
VisualStudioVersion = 16.0.32929.386
MinimumVisualStudioVersion = 10.0.40219.1
Project("{FAE04EC0-301F-11D3-BF4B-00C04F79EFBC}") = "rtsp_go", "rtsp_go\rtsp_go.csproj", "{BA1B4E73-311F-4716-BC97-ED6179736EAF}"
EndProject
Global
	GlobalSection(SolutionConfigurationPlatforms) = preSolution
		Debug|Any CPU = Debug|Any CPU
		Release|Any CPU = Release|Any CPU
	EndGlobalSection
	GlobalSection(ProjectConfigurationPlatforms) = postSolution
		{BA1B4E73-311F-4716-BC97-ED6179736EAF}.Debug|Any CPU.ActiveCfg = Debug|Any CPU
		{BA1B4E73-311F-4716-BC97-ED6179736EAF}.Debug|Any CPU.Build.0 = Debug|Any CPU
		{BA1B4E73-311F-4716-BC97-ED6179736EAF}.Release|Any CPU.ActiveCfg = Release|Any CPU
		{BA1B4E73-311F-4716-BC97-ED6179736EAF}.Release|Any CPU.Build.0 = Release|Any CPU
	EndGlobalSection
	GlobalSection(SolutionProperties) = preSolution
		HideSolutionNode = FALSE
	EndGlobalSection
	GlobalSection(ExtensibilityGlobals) = postSolution
		SolutionGuid = {5D2DCDC4-427D-4D2B-B0A8-CB74BB71BA41}
	EndGlobalSection
EndGlobal
